
Microsoft Visual Studio Solution File, Format Version 12.00
# Visual Studio Version 17
VisualStudioVersion = 17.1.32328.378
MinimumVisualStudioVersion = 10.0.40219.1
Project("{FAE04EC0-301F-11D3-BF4B-00C04F79EFBC}") = "AjaxEmployeePayrollMVC", "AjaxEmployeePayrollMVC.csproj", "{3EA5AC65-F20B-41F3-B43A-BCA8430DC664}"
EndProject
Global
	GlobalSection(SolutionConfigurationPlatforms) = preSolution
		Debug|Any CPU = Debug|Any CPU
		Release|Any CPU = Release|Any CPU
	EndGlobalSection
	GlobalSection(ProjectConfigurationPlatforms) = postSolution
		{3EA5AC65-F20B-41F3-B43A-BCA8430DC664}.Debug|Any CPU.ActiveCfg = Debug|Any CPU
		{3EA5AC65-F20B-41F3-B43A-BCA8430DC664}.Debug|Any CPU.Build.0 = Debug|Any CPU
		{3EA5AC65-F20B-41F3-B43A-BCA8430DC664}.Release|Any CPU.ActiveCfg = Release|Any CPU
		{3EA5AC65-F20B-41F3-B43A-BCA8430DC664}.Release|Any CPU.Build.0 = Release|Any CPU
	EndGlobalSection
	GlobalSection(SolutionProperties) = preSolution
		HideSolutionNode = FALSE
	EndGlobalSection
	GlobalSection(ExtensibilityGlobals) = postSolution
		SolutionGuid = {F70DD60B-7D2A-42E0-B895-3712BDC12752}
	EndGlobalSection
EndGlobal
